
Microsoft Visual Studio Solution File, Format Version 12.00
# Visual Studio 2013
VisualStudioVersion = 12.0.31101.0
MinimumVisualStudioVersion = 10.0.40219.1
Project("{FAE04EC0-301F-11D3-BF4B-00C04F79EFBC}") = "SmartPartsDiazo", "SmartPartsDiazo\SmartPartsDiazo.csproj", "{4EF1C6DD-E525-4A4A-A93B-A6254D6E2378}"
EndProject
Global
	GlobalSection(SolutionConfigurationPlatforms) = preSolution
		Debug|Any CPU = Debug|Any CPU
		Release|Any CPU = Release|Any CPU
	EndGlobalSection
	GlobalSection(ProjectConfigurationPlatforms) = postSolution
		{4EF1C6DD-E525-4A4A-A93B-A6254D6E2378}.Debug|Any CPU.ActiveCfg = Debug|Any CPU
		{4EF1C6DD-E525-4A4A-A93B-A6254D6E2378}.Debug|Any CPU.Build.0 = Debug|Any CPU
		{4EF1C6DD-E525-4A4A-A93B-A6254D6E2378}.Release|Any CPU.ActiveCfg = Release|Any CPU
		{4EF1C6DD-E525-4A4A-A93B-A6254D6E2378}.Release|Any CPU.Build.0 = Release|Any CPU
	EndGlobalSection
	GlobalSection(SolutionProperties) = preSolution
		HideSolutionNode = FALSE
	EndGlobalSection
EndGlobal
